
Microsoft Visual Studio Solution File, Format Version 12.00
# Visual Studio Version 17
VisualStudioVersion = 17.0.32014.148
MinimumVisualStudioVersion = 10.0.40219.1
Project("{9A19103F-16F7-4668-BE54-9A1E7A4F7556}") = "Mc2.CrudTest.Presentation.Server", "Mc2.CrudTest.Presentation\Server\Mc2.CrudTest.Presentation.Server.csproj", "{8D41010B-AEF1-4742-B7EC-6A5AE62C45FC}"
EndProject
Project("{9A19103F-16F7-4668-BE54-9A1E7A4F7556}") = "Mc2.CrudTest.Database", "Mc2.CrudTest.Database\Mc2.CrudTest.Database.csproj", "{DF61D380-B9B1-436E-9938-A1F275B90E09}"
EndProject
Project("{9A19103F-16F7-4668-BE54-9A1E7A4F7556}") = "Mc2.CrudTest.Domain", "Mc2.CrudTest.Domain\Mc2.CrudTest.Domain.csproj", "{1FB13DA5-7708-4A28-8318-A30A75BB73E0}"
EndProject
Project("{9A19103F-16F7-4668-BE54-9A1E7A4F7556}") = "Mc2.CrudTest.Model", "Mc2.CrudTest.Model\Mc2.CrudTest.Model.csproj", "{61C27ADA-C1FE-47C9-A52F-B51B7FE36C13}"
EndProject
Project("{9A19103F-16F7-4668-BE54-9A1E7A4F7556}") = "Mc2.CrudTest.Application", "Mc2.CrudTest.Application\Mc2.CrudTest.Application.csproj", "{F4CB2162-6463-4C73-89CE-E8BBF201E8F4}"
EndProject
Global
	GlobalSection(SolutionConfigurationPlatforms) = preSolution
		Debug|Any CPU = Debug|Any CPU
		Release|Any CPU = Release|Any CPU
	EndGlobalSection
	GlobalSection(ProjectConfigurationPlatforms) = postSolution
		{8D41010B-AEF1-4742-B7EC-6A5AE62C45FC}.Debug|Any CPU.ActiveCfg = Debug|Any CPU
		{8D41010B-AEF1-4742-B7EC-6A5AE62C45FC}.Debug|Any CPU.Build.0 = Debug|Any CPU
		{8D41010B-AEF1-4742-B7EC-6A5AE62C45FC}.Release|Any CPU.ActiveCfg = Release|Any CPU
		{8D41010B-AEF1-4742-B7EC-6A5AE62C45FC}.Release|Any CPU.Build.0 = Release|Any CPU
		{DF61D380-B9B1-436E-9938-A1F275B90E09}.Debug|Any CPU.ActiveCfg = Debug|Any CPU
		{DF61D380-B9B1-436E-9938-A1F275B90E09}.Debug|Any CPU.Build.0 = Debug|Any CPU
		{DF61D380-B9B1-436E-9938-A1F275B90E09}.Release|Any CPU.ActiveCfg = Release|Any CPU
		{DF61D380-B9B1-436E-9938-A1F275B90E09}.Release|Any CPU.Build.0 = Release|Any CPU
		{1FB13DA5-7708-4A28-8318-A30A75BB73E0}.Debug|Any CPU.ActiveCfg = Debug|Any CPU
		{1FB13DA5-7708-4A28-8318-A30A75BB73E0}.Debug|Any CPU.Build.0 = Debug|Any CPU
		{1FB13DA5-7708-4A28-8318-A30A75BB73E0}.Release|Any CPU.ActiveCfg = Release|Any CPU
		{1FB13DA5-7708-4A28-8318-A30A75BB73E0}.Release|Any CPU.Build.0 = Release|Any CPU
		{61C27ADA-C1FE-47C9-A52F-B51B7FE36C13}.Debug|Any CPU.ActiveCfg = Debug|Any CPU
		{61C27ADA-C1FE-47C9-A52F-B51B7FE36C13}.Debug|Any CPU.Build.0 = Debug|Any CPU
		{61C27ADA-C1FE-47C9-A52F-B51B7FE36C13}.Release|Any CPU.ActiveCfg = Release|Any CPU
		{61C27ADA-C1FE-47C9-A52F-B51B7FE36C13}.Release|Any CPU.Build.0 = Release|Any CPU
		{F4CB2162-6463-4C73-89CE-E8BBF201E8F4}.Debug|Any CPU.ActiveCfg = Debug|Any CPU
		{F4CB2162-6463-4C73-89CE-E8BBF201E8F4}.Debug|Any CPU.Build.0 = Debug|Any CPU
		{F4CB2162-6463-4C73-89CE-E8BBF201E8F4}.Release|Any CPU.ActiveCfg = Release|Any CPU
		{F4CB2162-6463-4C73-89CE-E8BBF201E8F4}.Release|Any CPU.Build.0 = Release|Any CPU
	EndGlobalSection
	GlobalSection(SolutionProperties) = preSolution
		HideSolutionNode = FALSE
	EndGlobalSection
	GlobalSection(ExtensibilityGlobals) = postSolution
		SolutionGuid = {4B5A26C9-68C1-49D9-9F32-AF907A1730C2}
	EndGlobalSection
EndGlobal
